
Microsoft Visual Studio Solution File, Format Version 12.00
# Visual Studio Version 17
VisualStudioVersion = 17.9.34728.123
MinimumVisualStudioVersion = 10.0.40219.1
Project("{FAE04EC0-301F-11D3-BF4B-00C04F79EFBC}") = "Project Application", "Project Application\Project Application.csproj", "{EB0A3541-CE06-4DB3-9311-0A7D47520E1A}"
EndProject
Global
	GlobalSection(SolutionConfigurationPlatforms) = preSolution
		Debug|Any CPU = Debug|Any CPU
		Release|Any CPU = Release|Any CPU
	EndGlobalSection
	GlobalSection(ProjectConfigurationPlatforms) = postSolution
		{EB0A3541-CE06-4DB3-9311-0A7D47520E1A}.Debug|Any CPU.ActiveCfg = Debug|Any CPU
		{EB0A3541-CE06-4DB3-9311-0A7D47520E1A}.Debug|Any CPU.Build.0 = Debug|Any CPU
		{EB0A3541-CE06-4DB3-9311-0A7D47520E1A}.Release|Any CPU.ActiveCfg = Release|Any CPU
		{EB0A3541-CE06-4DB3-9311-0A7D47520E1A}.Release|Any CPU.Build.0 = Release|Any CPU
	EndGlobalSection
	GlobalSection(SolutionProperties) = preSolution
		HideSolutionNode = FALSE
	EndGlobalSection
	GlobalSection(ExtensibilityGlobals) = postSolution
		SolutionGuid = {719602EB-4CEC-4F7B-AA3F-D93AF95EFB10}
	EndGlobalSection
EndGlobal
